// !$*UTF8*$!
{
	archiveVersion = 1;
	classes = {
	};
	objectVersion = 50;
	objects = {

/* Begin PBXBuildFile section */
		638B679E1A69A7A0F48CE276 /* libPods-ExampleNative.a in Frameworks */ = {isa = PBXBuildFile; fileRef = 9835D3F0F4C3EE6D8B8AFE17 /* libPods-ExampleNative.a */; };
		855A425B24968B3800838EAD /* AdsGoogle.framework in Frameworks */ = {isa = PBXBuildFile; fileRef = 855A425A24968B3800838EAD /* AdsGoogle.framework */; };
		855A425C24968B3800838EAD /* AdsGoogle.framework in Embed Frameworks */ = {isa = PBXBuildFile; fileRef = 855A425A24968B3800838EAD /* AdsGoogle.framework */; settings = {ATTRIBUTES = (CodeSignOnCopy, RemoveHeadersOnCopy, ); }; };
		85B94076244B8057008B2EC5 /* AppDelegate.swift in Sources */ = {isa = PBXBuildFile; fileRef = 85B94075244B8057008B2EC5 /* AppDelegate.swift */; };
		85B9407A244B8057008B2EC5 /* ViewController.swift in Sources */ = {isa = PBXBuildFile; fileRef = 85B94079244B8057008B2EC5 /* ViewController.swift */; };
		85B9407F244B8059008B2EC5 /* Assets.xcassets in Resources */ = {isa = PBXBuildFile; fileRef = 85B9407E244B8059008B2EC5 /* Assets.xcassets */; };
		85B94082244B8059008B2EC5 /* LaunchScreen.storyboard in Resources */ = {isa = PBXBuildFile; fileRef = 85B94080244B8059008B2EC5 /* LaunchScreen.storyboard */; };
/* End PBXBuildFile section */

/* Begin PBXCopyFilesBuildPhase section */
		855A425D24968B3800838EAD /* Embed Frameworks */ = {
			isa = PBXCopyFilesBuildPhase;
			buildActionMask = 2147483647;
			dstPath = "";
			dstSubfolderSpec = 10;
			files = (
				855A425C24968B3800838EAD /* AdsGoogle.framework in Embed Frameworks */,
			);
			name = "Embed Frameworks";
			runOnlyForDeploymentPostprocessing = 0;
		};
/* End PBXCopyFilesBuildPhase section */

/* Begin PBXFileReference section */
		2B312F9E67EE566D2B62012D /* Pods-ExampleNative.release.xcconfig */ = {isa = PBXFileReference; includeInIndex = 1; lastKnownFileType = text.xcconfig; name = "Pods-ExampleNative.release.xcconfig"; path = "Target Support Files/Pods-ExampleNative/Pods-ExampleNative.release.xcconfig"; sourceTree = "<group>"; };
		723FE5E2875646EA6DFB6FB6 /* Pods-ExampleNative.debug.xcconfig */ = {isa = PBXFileReference; includeInIndex = 1; lastKnownFileType = text.xcconfig; name = "Pods-ExampleNative.debug.xcconfig"; path = "Target Support Files/Pods-ExampleNative/Pods-ExampleNative.debug.xcconfig"; sourceTree = "<group>"; };
		855A425A24968B3800838EAD /* AdsGoogle.framework */ = {isa = PBXFileReference; explicitFileType = wrapper.framework; path = AdsGoogle.framework; sourceTree = BUILT_PRODUCTS_DIR; };
		85B94072244B8057008B2EC5 /* ExampleNative.app */ = {isa = PBXFileReference; explicitFileType = wrapper.application; includeInIndex = 0; path = ExampleNative.app; sourceTree = BUILT_PRODUCTS_DIR; };
		85B94075244B8057008B2EC5 /* AppDelegate.swift */ = {isa = PBXFileReference; lastKnownFileType = sourcecode.swift; path = AppDelegate.swift; sourceTree = "<group>"; };
		85B94079244B8057008B2EC5 /* ViewController.swift */ = {isa = PBXFileReference; lastKnownFileType = sourcecode.swift; path = ViewController.swift; sourceTree = "<group>"; };
		85B9407E244B8059008B2EC5 /* Assets.xcassets */ = {isa = PBXFileReference; lastKnownFileType = folder.assetcatalog; path = Assets.xcassets; sourceTree = "<group>"; };
		85B94081244B8059008B2EC5 /* Base */ = {isa = PBXFileReference; lastKnownFileType = file.storyboard; name = Base; path = Base.lproj/LaunchScreen.storyboard; sourceTree = "<group>"; };
		85B94083244B8059008B2EC5 /* Info.plist */ = {isa = PBXFileReference; lastKnownFileType = text.plist.xml; path = Info.plist; sourceTree = "<group>"; };
		9835D3F0F4C3EE6D8B8AFE17 /* libPods-ExampleNative.a */ = {isa = PBXFileReference; explicitFileType = archive.ar; includeInIndex = 0; path = "libPods-ExampleNative.a"; sourceTree = BUILT_PRODUCTS_DIR; };
/* End PBXFileReference section */

/* Begin PBXFrameworksBuildPhase section */
		85B9406F244B8057008B2EC5 /* Frameworks */ = {
			isa = PBXFrameworksBuildPhase;
			buildActionMask = 2147483647;
			files = (
				855A425B24968B3800838EAD /* AdsGoogle.framework in Frameworks */,
				638B679E1A69A7A0F48CE276 /* libPods-ExampleNative.a in Frameworks */,
			);
			runOnlyForDeploymentPostprocessing = 0;
		};
/* End PBXFrameworksBuildPhase section */

/* Begin PBXGroup section */
		46187A276DD4DBD216AE586A /* Frameworks */ = {
			isa = PBXGroup;
			children = (
				855A425A24968B3800838EAD /* AdsGoogle.framework */,
				9835D3F0F4C3EE6D8B8AFE17 /* libPods-ExampleNative.a */,
			);
			name = Frameworks;
			sourceTree = "<group>";
		};
		85B94069244B8057008B2EC5 = {
			isa = PBXGroup;
			children = (
				85B94074244B8057008B2EC5 /* ExampleNative */,
				85B94073244B8057008B2EC5 /* Products */,
				F259B1C9FF24743CCB6AEE2E /* Pods */,
				46187A276DD4DBD216AE586A /* Frameworks */,
			);
			sourceTree = "<group>";
		};
		85B94073244B8057008B2EC5 /* Products */ = {
			isa = PBXGroup;
			children = (
				85B94072244B8057008B2EC5 /* ExampleNative.app */,
			);
			name = Products;
			sourceTree = "<group>";
		};
		85B94074244B8057008B2EC5 /* ExampleNative */ = {
			isa = PBXGroup;
			children = (
				85B94075244B8057008B2EC5 /* AppDelegate.swift */,
				85B94079244B8057008B2EC5 /* ViewController.swift */,
				85B9407E244B8059008B2EC5 /* Assets.xcassets */,
				85B94080244B8059008B2EC5 /* LaunchScreen.storyboard */,
				85B94083244B8059008B2EC5 /* Info.plist */,
			);
			path = ExampleNative;
			sourceTree = "<group>";
		};
		F259B1C9FF24743CCB6AEE2E /* Pods */ = {
			isa = PBXGroup;
			children = (
				723FE5E2875646EA6DFB6FB6 /* Pods-ExampleNative.debug.xcconfig */,
				2B312F9E67EE566D2B62012D /* Pods-ExampleNative.release.xcconfig */,
			);
			name = Pods;
			path = ../Pods;
			sourceTree = "<group>";
		};
/* End PBXGroup section */

/* Begin PBXNativeTarget section */
		85B94071244B8057008B2EC5 /* ExampleNative */ = {
			isa = PBXNativeTarget;
			buildConfigurationList = 85B94086244B8059008B2EC5 /* Build configuration list for PBXNativeTarget "ExampleNative" */;
			buildPhases = (
				3099F91DE3A0EFFFCE52C574 /* [CP] Check Pods Manifest.lock */,
				85B9406E244B8057008B2EC5 /* Sources */,
				85B9406F244B8057008B2EC5 /* Frameworks */,
				85B94070244B8057008B2EC5 /* Resources */,
				855A425D24968B3800838EAD /* Embed Frameworks */,
			);
			buildRules = (
			);
			dependencies = (
			);
			name = ExampleNative;
			productName = ExampleNative;
			productReference = 85B94072244B8057008B2EC5 /* ExampleNative.app */;
			productType = "com.apple.product-type.application";
		};
/* End PBXNativeTarget section */

/* Begin PBXProject section */
		85B9406A244B8057008B2EC5 /* Project object */ = {
			isa = PBXProject;
			attributes = {
				LastSwiftUpdateCheck = 1140;
				LastUpgradeCheck = 1140;
				ORGANIZATIONNAME = MateusSousa;
				TargetAttributes = {
					85B94071244B8057008B2EC5 = {
						CreatedOnToolsVersion = 11.4.1;
					};
				};
			};
			buildConfigurationList = 85B9406D244B8057008B2EC5 /* Build configuration list for PBXProject "ExampleNative" */;
			compatibilityVersion = "Xcode 9.3";
			developmentRegion = en;
			hasScannedForEncodings = 0;
			knownRegions = (
				en,
				Base,
			);
			mainGroup = 85B94069244B8057008B2EC5;
			productRefGroup = 85B94073244B8057008B2EC5 /* Products */;
			projectDirPath = "";
			projectRoot = "";
			targets = (
				85B94071244B8057008B2EC5 /* ExampleNative */,
			);
		};
/* End PBXProject section */

/* Begin PBXResourcesBuildPhase section */
		85B94070244B8057008B2EC5 /* Resources */ = {
			isa = PBXResourcesBuildPhase;
			buildActionMask = 2147483647;
			files = (
				85B94082244B8059008B2EC5 /* LaunchScreen.storyboard in Resources */,
				85B9407F244B8059008B2EC5 /* Assets.xcassets in Resources */,
			);
			runOnlyForDeploymentPostprocessing = 0;
		};
/* End PBXResourcesBuildPhase section */

/* Begin PBXShellScriptBuildPhase section */
		3099F91DE3A0EFFFCE52C574 /* [CP] Check Pods Manifest.lock */ = {
			isa = PBXShellScriptBuildPhase;
			buildActionMask = 2147483647;
			files = (
			);
			inputFileListPaths = (
			);
			inputPaths = (
				"${PODS_PODFILE_DIR_PATH}/Podfile.lock",
				"${PODS_ROOT}/Manifest.lock",
			);
			name = "[CP] Check Pods Manifest.lock";
			outputFileListPaths = (
			);
			outputPaths = (
				"$(DERIVED_FILE_DIR)/Pods-ExampleNative-checkManifestLockResult.txt",
			);
			runOnlyForDeploymentPostprocessing = 0;
			shellPath = /bin/sh;
			shellScript = "diff \"${PODS_PODFILE_DIR_PATH}/Podfile.lock\" \"${PODS_ROOT}/Manifest.lock\" > /dev/null\nif [ $? != 0 ] ; then\n    # print error to STDERR\n    echo \"error: The sandbox is not in sync with the Podfile.lock. Run 'pod install' or update your CocoaPods installation.\" >&2\n    exit 1\nfi\n# This output is used by Xcode 'outputs' to avoid re-running this script phase.\necho \"SUCCESS\" > \"${SCRIPT_OUTPUT_FILE_0}\"\n";
			showEnvVarsInLog = 0;
		};
/* End PBXShellScriptBuildPhase section */

/* Begin PBXSourcesBuildPhase section */
		85B9406E244B8057008B2EC5 /* Sources */ = {
			isa = PBXSourcesBuildPhase;
			buildActionMask = 2147483647;
			files = (
				85B9407A244B8057008B2EC5 /* ViewController.swift in Sources */,
				85B94076244B8057008B2EC5 /* AppDelegate.swift in Sources */,
			);
			runOnlyForDeploymentPostprocessing = 0;
		};
/* End PBXSourcesBuildPhase section */

/* Begin PBXVariantGroup section */
		85B94080244B8059008B2EC5 /* LaunchScreen.storyboard */ = {
			isa = PBXVariantGroup;
			children = (
				85B94081244B8059008B2EC5 /* Base */,
			);
			name = LaunchScreen.storyboard;
			sourceTree = "<group>";
		};
/* End PBXVariantGroup section */

/* Begin XCBuildConfiguration section */
		85B94084244B8059008B2EC5 /* Debug */ = {
			isa = XCBuildConfiguration;
			buildSettings = {
				ALWAYS_SEARCH_USER_PATHS = NO;
				CLANG_ANALYZER_NONNULL = YES;
				CLANG_ANALYZER_NUMBER_OBJECT_CONVERSION = YES_AGGRESSIVE;
				CLANG_CXX_LANGUAGE_STANDARD = "gnu++14";
				CLANG_CXX_LIBRARY = "libc++";
				CLANG_ENABLE_MODULES = YES;
				CLANG_ENABLE_OBJC_ARC = YES;
				CLANG_ENABLE_OBJC_WEAK = YES;
				CLANG_WARN_BLOCK_CAPTURE_AUTORELEASING = YES;
				CLANG_WARN_BOOL_CONVERSION = YES;
				CLANG_WARN_COMMA = YES;
				CLANG_WARN_CONSTANT_CONVERSION = YES;
				CLANG_WARN_DEPRECATED_OBJC_IMPLEMENTATIONS = YES;
				CLANG_WARN_DIRECT_OBJC_ISA_USAGE = YES_ERROR;
				CLANG_WARN_DOCUMENTATION_COMMENTS = YES;
				CLANG_WARN_EMPTY_BODY = YES;
				CLANG_WARN_ENUM_CONVERSION = YES;
				CLANG_WARN_INFINITE_RECURSION = YES;
				CLANG_WARN_INT_CONVERSION = YES;
				CLANG_WARN_NON_LITERAL_NULL_CONVERSION = YES;
				CLANG_WARN_OBJC_IMPLICIT_RETAIN_SELF = YES;
				CLANG_WARN_OBJC_LITERAL_CONVERSION = YES;
				CLANG_WARN_OBJC_ROOT_CLASS = YES_ERROR;
				CLANG_WARN_RANGE_LOOP_ANALYSIS = YES;
				CLANG_WARN_STRICT_PROTOTYPES = YES;
				CLANG_WARN_SUSPICIOUS_MOVE = YES;
				CLANG_WARN_UNGUARDED_AVAILABILITY = YES_AGGRESSIVE;
				CLANG_WARN_UNREACHABLE_CODE = YES;
				CLANG_WARN__DUPLICATE_METHOD_MATCH = YES;
				COPY_PHASE_STRIP = NO;
				DEBUG_INFORMATION_FORMAT = dwarf;
				ENABLE_STRICT_OBJC_MSGSEND = YES;
				ENABLE_TESTABILITY = YES;
				GCC_C_LANGUAGE_STANDARD = gnu11;
				GCC_DYNAMIC_NO_PIC = NO;
				GCC_NO_COMMON_BLOCKS = YES;
				GCC_OPTIMIZATION_LEVEL = 0;
				GCC_PREPROCESSOR_DEFINITIONS = (
					"DEBUG=1",
					"$(inherited)",
				);
				GCC_WARN_64_TO_32_BIT_CONVERSION = YES;
				GCC_WARN_ABOUT_RETURN_TYPE = YES_ERROR;
				GCC_WARN_UNDECLARED_SELECTOR = YES;
				GCC_WARN_UNINITIALIZED_AUTOS = YES_AGGRESSIVE;
				GCC_WARN_UNUSED_FUNCTION = YES;
				GCC_WARN_UNUSED_VARIABLE = YES;
				IPHONEOS_DEPLOYMENT_TARGET = 13.4;
				MTL_ENABLE_DEBUG_INFO = INCLUDE_SOURCE;
				MTL_FAST_MATH = YES;
				ONLY_ACTIVE_ARCH = YES;
				SDKROOT = iphoneos;
				SWIFT_ACTIVE_COMPILATION_CONDITIONS = DEBUG;
				SWIFT_OPTIMIZATION_LEVEL = "-Onone";
			};
			name = Debug;
		};
		85B94085244B8059008B2EC5 /* Release */ = {
			isa = XCBuildConfiguration;
			buildSettings = {
				ALWAYS_SEARCH_USER_PATHS = NO;
				CLANG_ANALYZER_NONNULL = YES;
				CLANG_ANALYZER_NUMBER_OBJECT_CONVERSION = YES_AGGRESSIVE;
				CLANG_CXX_LANGUAGE_STANDARD = "gnu++14";
				CLANG_CXX_LIBRARY = "libc++";
				CLANG_ENABLE_MODULES = YES;
				CLANG_ENABLE_OBJC_ARC = YES;
				CLANG_ENABLE_OBJC_WEAK = YES;
				CLANG_WARN_BLOCK_CAPTURE_AUTORELEASING = YES;
				CLANG_WARN_BOOL_CONVERSION = YES;
				CLANG_WARN_COMMA = YES;
				CLANG_WARN_CONSTANT_CONVERSION = YES;
				CLANG_WARN_DEPRECATED_OBJC_IMPLEMENTATIONS = YES;
				CLANG_WARN_DIRECT_OBJC_ISA_USAGE = YES_ERROR;
				CLANG_WARN_DOCUMENTATION_COMMENTS = YES;
				CLANG_WARN_EMPTY_BODY = YES;
				CLANG_WARN_ENUM_CONVERSION = YES;
				CLANG_WARN_INFINITE_RECURSION = YES;
				CLANG_WARN_INT_CONVERSION = YES;
				CLANG_WARN_NON_LITERAL_NULL_CONVERSION = YES;
				CLANG_WARN_OBJC_IMPLICIT_RETAIN_SELF = YES;
				CLANG_WARN_OBJC_LITERAL_CONVERSION = YES;
				CLANG_WARN_OBJC_ROOT_CLASS = YES_ERROR;
				CLANG_WARN_RANGE_LOOP_ANALYSIS = YES;
				CLANG_WARN_STRICT_PROTOTYPES = YES;
				CLANG_WARN_SUSPICIOUS_MOVE = YES;
				CLANG_WARN_UNGUARDED_AVAILABILITY = YES_AGGRESSIVE;
				CLANG_WARN_UNREACHABLE_CODE = YES;
				CLANG_WARN__DUPLICATE_METHOD_MATCH = YES;
				COPY_PHASE_STRIP = NO;
				DEBUG_INFORMATION_FORMAT = "dwarf-with-dsym";
				ENABLE_NS_ASSERTIONS = NO;
				ENABLE_STRICT_OBJC_MSGSEND = YES;
				GCC_C_LANGUAGE_STANDARD = gnu11;
				GCC_NO_COMMON_BLOCKS = YES;
				GCC_WARN_64_TO_32_BIT_CONVERSION = YES;
				GCC_WARN_ABOUT_RETURN_TYPE = YES_ERROR;
				GCC_WARN_UNDECLARED_SELECTOR = YES;
				GCC_WARN_UNINITIALIZED_AUTOS = YES_AGGRESSIVE;
				GCC_WARN_UNUSED_FUNCTION = YES;
				GCC_WARN_UNUSED_VARIABLE = YES;
				IPHONEOS_DEPLOYMENT_TARGET = 13.4;
				MTL_ENABLE_DEBUG_INFO = NO;
				MTL_FAST_MATH = YES;
				SDKROOT = iphoneos;
				SWIFT_COMPILATION_MODE = wholemodule;
				SWIFT_OPTIMIZATION_LEVEL = "-O";
				VALIDATE_PRODUCT = YES;
			};
			name = Release;
		};
		85B94087244B8059008B2EC5 /* Debug */ = {
			isa = XCBuildConfiguration;
			baseConfigurationReference = 723FE5E2875646EA6DFB6FB6 /* Pods-ExampleNative.debug.xcconfig */;
			buildSettings = {
				ASSETCATALOG_COMPILER_APPICON_NAME = AppIcon;
				CODE_SIGN_STYLE = Automatic;
				DEVELOPMENT_TEAM = 3T7W6T7535;
				INFOPLIST_FILE = ExampleNative/Info.plist;
				IPHONEOS_DEPLOYMENT_TARGET = 10.0;
				LD_RUNPATH_SEARCH_PATHS = (
					"$(inherited)",
					"@executable_path/Frameworks",
				);
				PRODUCT_BUNDLE_IDENTIFIER = com.mateussousa.ExampleNative;
				PRODUCT_NAME = "$(TARGET_NAME)";
				SWIFT_VERSION = 5.0;
				TARGETED_DEVICE_FAMILY = "1,2";
			};
			name = Debug;
		};
		85B94088244B8059008B2EC5 /* Release */ = {
			isa = XCBuildConfiguration;
			baseConfigurationReference = 2B312F9E67EE566D2B62012D /* Pods-ExampleNative.release.xcconfig */;
			buildSettings = {
				ASSETCATALOG_COMPILER_APPICON_NAME = AppIcon;
				CODE_SIGN_STYLE = Automatic;
				DEVELOPMENT_TEAM = 3T7W6T7535;
				INFOPLIST_FILE = ExampleNative/Info.plist;
				IPHONEOS_DEPLOYMENT_TARGET = 10.0;
				LD_RUNPATH_SEARCH_PATHS = (
					"$(inherited)",
					"@executable_path/Frameworks",
				);
				PRODUCT_BUNDLE_IDENTIFIER = com.mateussousa.ExampleNative;
				PRODUCT_NAME = "$(TARGET_NAME)";
				SWIFT_VERSION = 5.0;
				TARGETED_DEVICE_FAMILY = "1,2";
			};
			name = Release;
		};
/* End XCBuildConfiguration section */

/* Begin XCConfigurationList section */
		85B9406D244B8057008B2EC5 /* Build configuration list for PBXProject "ExampleNative" */ = {
			isa = XCConfigurationList;
			buildConfigurations = (
				85B94084244B8059008B2EC5 /* Debug */,
				85B94085244B8059008B2EC5 /* Release */,
			);
			defaultConfigurationIsVisible = 0;
			defaultConfigurationName = Release;
		};
		85B94086244B8059008B2EC5 /* Build configuration list for PBXNativeTarget "ExampleNative" */ = {
			isa = XCConfigurationList;
			buildConfigurations = (
				85B94087244B8059008B2EC5 /* Debug */,
				85B94088244B8059008B2EC5 /* Release */,
			);
			defaultConfigurationIsVisible = 0;
			defaultConfigurationName = Release;
		};
/* End XCConfigurationList section */
	};
	rootObject = 85B9406A244B8057008B2EC5 /* Project object */;
}
